<?xml version="1.0" encoding="UTF-8" standalone="yes" ?>
<CodeBlocks_project_file>
	<FileVersion major="1" minor="6" />
	<Project>
		<Option title="pbkdf-sha256" />
		<Option pch_mode="2" />
		<Option compiler="gcc" />
		<Build>
			<Target title="Debug">
				<Option output="bin/Debug/hmac-sha256" prefix_auto="1" extension_auto="1" />
				<Option object_output="obj/Debug/" />
				<Option type="1" />
				<Option compiler="gcc" />
				<Compiler>
					<Add option="-g" />
				</Compiler>
			</Target>
			<Target title="Release">
				<Option output="bin/Release/hmac-sha256" prefix_auto="1" extension_auto="1" />
				<Option object_output="obj/Release/" />
				<Option type="1" />
				<Option compiler="gcc" />
				<Compiler>
					<Add option="-O2" />
					<Add option="-DNDEBUG" />
				</Compiler>
				<Linker>
					<Add option="-s" />
				</Linker>
			</Target>
		</Build>
		<Compiler>
			<Add option="-Wall" />
		</Compiler>
		<Unit filename="hmac.c">
			<Option compilerVar="CC" />
		</Unit>
		<Unit filename="hmac.h" />
		<Unit filename="main.c">
			<Option compilerVar="CC" />
			<Option weight="0" />
		</Unit>
		<Unit filename="memory.c">
			<Option compilerVar="CC" />
		</Unit>
		<Unit filename="memory.h" />
		<Unit filename="pbkdf.c">
			<Option compilerVar="CC" />
		</Unit>
		<Unit filename="pbkdf.h" />
		<Unit filename="sha.c">
			<Option compilerVar="CC" />
		</Unit>
		<Unit filename="sha.h" />
		<Unit filename="test.h" />
		<Unit filename="test/hmac.c">
			<Option compilerVar="CC" />
		</Unit>
		<Unit filename="test/pbkdf.c">
			<Option compilerVar="CC" />
		</Unit>
		<Unit filename="test/sha.c">
			<Option compilerVar="CC" />
		</Unit>
		<Unit filename="test/util.c">
			<Option compilerVar="CC" />
		</Unit>
		<Unit filename="util.c">
			<Option compilerVar="CC" />
		</Unit>
		<Unit filename="util.h" />
		<Extensions>
			<code_completion />
			<envvars />
			<debugger />
			<lib_finder disable_auto="1" />
		</Extensions>
	</Project>
</CodeBlocks_project_file>
